
Microsoft Visual Studio Solution File, Format Version 12.00
# Visual Studio Version 17
VisualStudioVersion = 17.13.35806.99 d17.13
MinimumVisualStudioVersion = 10.0.40219.1
Project("{FAE04EC0-301F-11D3-BF4B-00C04F79EFBC}") = "OsTresMotoqueirosDoApocalipseVerde", "OsTresMotoqueirosDoApocalipseVerde\OsTresMotoqueirosDoApocalipseVerde.csproj", "{57520729-9BDD-4258-B418-6E5DAD391DFD}"
EndProject
Global
	GlobalSection(SolutionConfigurationPlatforms) = preSolution
		Debug|Any CPU = Debug|Any CPU
		Release|Any CPU = Release|Any CPU
	EndGlobalSection
	GlobalSection(ProjectConfigurationPlatforms) = postSolution
		{57520729-9BDD-4258-B418-6E5DAD391DFD}.Debug|Any CPU.ActiveCfg = Debug|Any CPU
		{57520729-9BDD-4258-B418-6E5DAD391DFD}.Debug|Any CPU.Build.0 = Debug|Any CPU
		{57520729-9BDD-4258-B418-6E5DAD391DFD}.Release|Any CPU.ActiveCfg = Release|Any CPU
		{57520729-9BDD-4258-B418-6E5DAD391DFD}.Release|Any CPU.Build.0 = Release|Any CPU
	EndGlobalSection
	GlobalSection(SolutionProperties) = preSolution
		HideSolutionNode = FALSE
	EndGlobalSection
	GlobalSection(ExtensibilityGlobals) = postSolution
		SolutionGuid = {1A0694D4-0D01-4675-9AB9-9F85E88895C9}
	EndGlobalSection
EndGlobal
